
Microsoft Visual Studio Solution File, Format Version 12.00
# Visual Studio Version 16
VisualStudioVersion = 16.0.35325.158
MinimumVisualStudioVersion = 10.0.40219.1
Project("{FAE04EC0-301F-11D3-BF4B-00C04F79EFBC}") = "VignanDhara.Web", "VignanDhara.Web\VignanDhara.Web.csproj", "{C544BE9F-4A68-4946-BA96-73B44437CE3F}"
EndProject
Project("{FAE04EC0-301F-11D3-BF4B-00C04F79EFBC}") = "VignanDhara.Data", "VignanDhara.Data\VignanDhara.Data.csproj", "{A2A4D224-4AA4-4004-B0B6-6AC535A86FCD}"
EndProject
Project("{FAE04EC0-301F-11D3-BF4B-00C04F79EFBC}") = "VignanDhara.Entities", "VignanDhara.Entities\VignanDhara.Entities.csproj", "{F5B96435-61FD-43D4-93B2-5198C05FAFFA}"
EndProject
Global
	GlobalSection(SolutionConfigurationPlatforms) = preSolution
		Debug|Any CPU = Debug|Any CPU
		Release|Any CPU = Release|Any CPU
	EndGlobalSection
	GlobalSection(ProjectConfigurationPlatforms) = postSolution
		{C544BE9F-4A68-4946-BA96-73B44437CE3F}.Debug|Any CPU.ActiveCfg = Debug|Any CPU
		{C544BE9F-4A68-4946-BA96-73B44437CE3F}.Debug|Any CPU.Build.0 = Debug|Any CPU
		{C544BE9F-4A68-4946-BA96-73B44437CE3F}.Release|Any CPU.ActiveCfg = Release|Any CPU
		{C544BE9F-4A68-4946-BA96-73B44437CE3F}.Release|Any CPU.Build.0 = Release|Any CPU
		{A2A4D224-4AA4-4004-B0B6-6AC535A86FCD}.Debug|Any CPU.ActiveCfg = Debug|Any CPU
		{A2A4D224-4AA4-4004-B0B6-6AC535A86FCD}.Debug|Any CPU.Build.0 = Debug|Any CPU
		{A2A4D224-4AA4-4004-B0B6-6AC535A86FCD}.Release|Any CPU.ActiveCfg = Release|Any CPU
		{A2A4D224-4AA4-4004-B0B6-6AC535A86FCD}.Release|Any CPU.Build.0 = Release|Any CPU
		{F5B96435-61FD-43D4-93B2-5198C05FAFFA}.Debug|Any CPU.ActiveCfg = Debug|Any CPU
		{F5B96435-61FD-43D4-93B2-5198C05FAFFA}.Debug|Any CPU.Build.0 = Debug|Any CPU
		{F5B96435-61FD-43D4-93B2-5198C05FAFFA}.Release|Any CPU.ActiveCfg = Release|Any CPU
		{F5B96435-61FD-43D4-93B2-5198C05FAFFA}.Release|Any CPU.Build.0 = Release|Any CPU
	EndGlobalSection
	GlobalSection(SolutionProperties) = preSolution
		HideSolutionNode = FALSE
	EndGlobalSection
	GlobalSection(ExtensibilityGlobals) = postSolution
		SolutionGuid = {3B919E19-1DC6-4B4B-B81C-EAC7B113DCBD}
	EndGlobalSection
EndGlobal
